// !$*UTF8*$!
{
	archiveVersion = 1;
	classes = {
	};
	objectVersion = 56;
	objects = {

/* Begin PBXBuildFile section */
		4F8C8DCA29EEBE9D002A7ED5 /* MyCalenderTest.swift in Sources */ = {isa = PBXBuildFile; fileRef = 4F8C8DC929EEBE9D002A7ED5 /* MyCalenderTest.swift */; };
		FFD200A129EEA1A40030A155 /* main.swift in Sources */ = {isa = PBXBuildFile; fileRef = FFD200A029EEA1A40030A155 /* main.swift */; };
		FFD200A829EEAC2D0030A155 /* presentTime.swift in Sources */ = {isa = PBXBuildFile; fileRef = FFD200A729EEAC2D0030A155 /* presentTime.swift */; };
/* End PBXBuildFile section */

/* Begin PBXCopyFilesBuildPhase section */
		FFD2009B29EEA1A40030A155 /* CopyFiles */ = {
			isa = PBXCopyFilesBuildPhase;
			buildActionMask = 2147483647;
			dstPath = /usr/share/man/man1/;
			dstSubfolderSpec = 0;
			files = (
			);
			runOnlyForDeploymentPostprocessing = 1;
		};
/* End PBXCopyFilesBuildPhase section */

/* Begin PBXFileReference section */
		4F8C8DC729EEBE9D002A7ED5 /* MyCalenderTest.xctest */ = {isa = PBXFileReference; explicitFileType = wrapper.cfbundle; includeInIndex = 0; path = MyCalenderTest.xctest; sourceTree = BUILT_PRODUCTS_DIR; };
		4F8C8DC929EEBE9D002A7ED5 /* MyCalenderTest.swift */ = {isa = PBXFileReference; lastKnownFileType = sourcecode.swift; path = MyCalenderTest.swift; sourceTree = "<group>"; };
		FFD2009D29EEA1A40030A155 /* MyCalendar */ = {isa = PBXFileReference; explicitFileType = "compiled.mach-o.executable"; includeInIndex = 0; path = MyCalendar; sourceTree = BUILT_PRODUCTS_DIR; };
		FFD200A029EEA1A40030A155 /* main.swift */ = {isa = PBXFileReference; lastKnownFileType = sourcecode.swift; path = main.swift; sourceTree = "<group>"; };
		FFD200A729EEAC2D0030A155 /* presentTime.swift */ = {isa = PBXFileReference; lastKnownFileType = sourcecode.swift; path = presentTime.swift; sourceTree = "<group>"; };
/* End PBXFileReference section */

/* Begin PBXFrameworksBuildPhase section */
		4F8C8DC429EEBE9D002A7ED5 /* Frameworks */ = {
			isa = PBXFrameworksBuildPhase;
			buildActionMask = 2147483647;
			files = (
			);
			runOnlyForDeploymentPostprocessing = 0;
		};
		FFD2009A29EEA1A40030A155 /* Frameworks */ = {
			isa = PBXFrameworksBuildPhase;
			buildActionMask = 2147483647;
			files = (
			);
			runOnlyForDeploymentPostprocessing = 0;
		};
/* End PBXFrameworksBuildPhase section */

/* Begin PBXGroup section */
		4F8C8DC829EEBE9D002A7ED5 /* MyCalenderTest */ = {
			isa = PBXGroup;
			children = (
				4F8C8DC929EEBE9D002A7ED5 /* MyCalenderTest.swift */,
			);
			path = MyCalenderTest;
			sourceTree = "<group>";
		};
		FFD2009429EEA1A40030A155 = {
			isa = PBXGroup;
			children = (
				FFD2009F29EEA1A40030A155 /* MyCalendar */,
				4F8C8DC829EEBE9D002A7ED5 /* MyCalenderTest */,
				FFD2009E29EEA1A40030A155 /* Products */,
			);
			sourceTree = "<group>";
		};
		FFD2009E29EEA1A40030A155 /* Products */ = {
			isa = PBXGroup;
			children = (
				FFD2009D29EEA1A40030A155 /* MyCalendar */,
				4F8C8DC729EEBE9D002A7ED5 /* MyCalenderTest.xctest */,
			);
			name = Products;
			sourceTree = "<group>";
		};
		FFD2009F29EEA1A40030A155 /* MyCalendar */ = {
			isa = PBXGroup;
			children = (
				FFD200A029EEA1A40030A155 /* main.swift */,
				FFD200A729EEAC2D0030A155 /* presentTime.swift */,
			);
			path = MyCalendar;
			sourceTree = "<group>";
		};
/* End PBXGroup section */

/* Begin PBXNativeTarget section */
		4F8C8DC629EEBE9D002A7ED5 /* MyCalenderTest */ = {
			isa = PBXNativeTarget;
			buildConfigurationList = 4F8C8DCD29EEBE9D002A7ED5 /* Build configuration list for PBXNativeTarget "MyCalenderTest" */;
			buildPhases = (
				4F8C8DC329EEBE9D002A7ED5 /* Sources */,
				4F8C8DC429EEBE9D002A7ED5 /* Frameworks */,
				4F8C8DC529EEBE9D002A7ED5 /* Resources */,
			);
			buildRules = (
			);
			dependencies = (
			);
			name = MyCalenderTest;
			productName = MyCalenderTest;
			productReference = 4F8C8DC729EEBE9D002A7ED5 /* MyCalenderTest.xctest */;
			productType = "com.apple.product-type.bundle.unit-test";
		};
		FFD2009C29EEA1A40030A155 /* MyCalendar */ = {
			isa = PBXNativeTarget;
			buildConfigurationList = FFD200A429EEA1A40030A155 /* Build configuration list for PBXNativeTarget "MyCalendar" */;
			buildPhases = (
				FFD2009929EEA1A40030A155 /* Sources */,
				FFD2009A29EEA1A40030A155 /* Frameworks */,
				FFD2009B29EEA1A40030A155 /* CopyFiles */,
			);
			buildRules = (
			);
			dependencies = (
			);
			name = MyCalendar;
			productName = MyCalendar;
			productReference = FFD2009D29EEA1A40030A155 /* MyCalendar */;
			productType = "com.apple.product-type.tool";
		};
/* End PBXNativeTarget section */

/* Begin PBXProject section */
		FFD2009529EEA1A40030A155 /* Project object */ = {
			isa = PBXProject;
			attributes = {
				BuildIndependentTargetsInParallel = 1;
				LastSwiftUpdateCheck = 1430;
				LastUpgradeCheck = 1430;
				TargetAttributes = {
					4F8C8DC629EEBE9D002A7ED5 = {
						CreatedOnToolsVersion = 14.3;
					};
					FFD2009C29EEA1A40030A155 = {
						CreatedOnToolsVersion = 14.3;
					};
				};
			};
			buildConfigurationList = FFD2009829EEA1A40030A155 /* Build configuration list for PBXProject "MyCalendar" */;
			compatibilityVersion = "Xcode 14.0";
			developmentRegion = en;
			hasScannedForEncodings = 0;
			knownRegions = (
				en,
				Base,
			);
			mainGroup = FFD2009429EEA1A40030A155;
			productRefGroup = FFD2009E29EEA1A40030A155 /* Products */;
			projectDirPath = "";
			projectRoot = "";
			targets = (
				FFD2009C29EEA1A40030A155 /* MyCalendar */,
				4F8C8DC629EEBE9D002A7ED5 /* MyCalenderTest */,
			);
		};
/* End PBXProject section */

/* Begin PBXResourcesBuildPhase section */
		4F8C8DC529EEBE9D002A7ED5 /* Resources */ = {
			isa = PBXResourcesBuildPhase;
			buildActionMask = 2147483647;
			files = (
			);
			runOnlyForDeploymentPostprocessing = 0;
		};
/* End PBXResourcesBuildPhase section */

/* Begin PBXSourcesBuildPhase section */
		4F8C8DC329EEBE9D002A7ED5 /* Sources */ = {
			isa = PBXSourcesBuildPhase;
			buildActionMask = 2147483647;
			files = (
				4F8C8DCA29EEBE9D002A7ED5 /* MyCalenderTest.swift in Sources */,
			);
			runOnlyForDeploymentPostprocessing = 0;
		};
		FFD2009929EEA1A40030A155 /* Sources */ = {
			isa = PBXSourcesBuildPhase;
			buildActionMask = 2147483647;
			files = (
				FFD200A829EEAC2D0030A155 /* presentTime.swift in Sources */,
				FFD200A129EEA1A40030A155 /* main.swift in Sources */,
			);
			runOnlyForDeploymentPostprocessing = 0;
		};
/* End PBXSourcesBuildPhase section */

/* Begin XCBuildConfiguration section */
		4F8C8DCB29EEBE9D002A7ED5 /* Debug */ = {
			isa = XCBuildConfiguration;
			buildSettings = {
				CODE_SIGN_STYLE = Automatic;
				CURRENT_PROJECT_VERSION = 1;
				GENERATE_INFOPLIST_FILE = YES;
				MARKETING_VERSION = 1.0;
				PRODUCT_BUNDLE_IDENTIFIER = com.demian.MyCalenderTest;
				PRODUCT_NAME = "$(TARGET_NAME)";
				SWIFT_EMIT_LOC_STRINGS = NO;
				SWIFT_VERSION = 5.0;
			};
			name = Debug;
		};
		4F8C8DCC29EEBE9D002A7ED5 /* Release */ = {
			isa = XCBuildConfiguration;
			buildSettings = {
				CODE_SIGN_STYLE = Automatic;
				CURRENT_PROJECT_VERSION = 1;
				GENERATE_INFOPLIST_FILE = YES;
				MARKETING_VERSION = 1.0;
				PRODUCT_BUNDLE_IDENTIFIER = com.demian.MyCalenderTest;
				PRODUCT_NAME = "$(TARGET_NAME)";
				SWIFT_EMIT_LOC_STRINGS = NO;
				SWIFT_VERSION = 5.0;
			};
			name = Release;
		};
		FFD200A229EEA1A40030A155 /* Debug */ = {
			isa = XCBuildConfiguration;
			buildSettings = {
				ALWAYS_SEARCH_USER_PATHS = NO;
				CLANG_ANALYZER_NONNULL = YES;
				CLANG_ANALYZER_NUMBER_OBJECT_CONVERSION = YES_AGGRESSIVE;
				CLANG_CXX_LANGUAGE_STANDARD = "gnu++20";
				CLANG_ENABLE_MODULES = YES;
				CLANG_ENABLE_OBJC_ARC = YES;
				CLANG_ENABLE_OBJC_WEAK = YES;
				CLANG_WARN_BLOCK_CAPTURE_AUTORELEASING = YES;
				CLANG_WARN_BOOL_CONVERSION = YES;
				CLANG_WARN_COMMA = YES;
				CLANG_WARN_CONSTANT_CONVERSION = YES;
				CLANG_WARN_DEPRECATED_OBJC_IMPLEMENTATIONS = YES;
				CLANG_WARN_DIRECT_OBJC_ISA_USAGE = YES_ERROR;
				CLANG_WARN_DOCUMENTATION_COMMENTS = YES;
				CLANG_WARN_EMPTY_BODY = YES;
				CLANG_WARN_ENUM_CONVERSION = YES;
				CLANG_WARN_INFINITE_RECURSION = YES;
				CLANG_WARN_INT_CONVERSION = YES;
				CLANG_WARN_NON_LITERAL_NULL_CONVERSION = YES;
				CLANG_WARN_OBJC_IMPLICIT_RETAIN_SELF = YES;
				CLANG_WARN_OBJC_LITERAL_CONVERSION = YES;
				CLANG_WARN_OBJC_ROOT_CLASS = YES_ERROR;
				CLANG_WARN_QUOTED_INCLUDE_IN_FRAMEWORK_HEADER = YES;
				CLANG_WARN_RANGE_LOOP_ANALYSIS = YES;
				CLANG_WARN_STRICT_PROTOTYPES = YES;
				CLANG_WARN_SUSPICIOUS_MOVE = YES;
				CLANG_WARN_UNGUARDED_AVAILABILITY = YES_AGGRESSIVE;
				CLANG_WARN_UNREACHABLE_CODE = YES;
				CLANG_WARN__DUPLICATE_METHOD_MATCH = YES;
				COPY_PHASE_STRIP = NO;
				DEBUG_INFORMATION_FORMAT = dwarf;
				ENABLE_STRICT_OBJC_MSGSEND = YES;
				ENABLE_TESTABILITY = YES;
				GCC_C_LANGUAGE_STANDARD = gnu11;
				GCC_DYNAMIC_NO_PIC = NO;
				GCC_NO_COMMON_BLOCKS = YES;
				GCC_OPTIMIZATION_LEVEL = 0;
				GCC_PREPROCESSOR_DEFINITIONS = (
					"DEBUG=1",
					"$(inherited)",
				);
				GCC_WARN_64_TO_32_BIT_CONVERSION = YES;
				GCC_WARN_ABOUT_RETURN_TYPE = YES_ERROR;
				GCC_WARN_UNDECLARED_SELECTOR = YES;
				GCC_WARN_UNINITIALIZED_AUTOS = YES_AGGRESSIVE;
				GCC_WARN_UNUSED_FUNCTION = YES;
				GCC_WARN_UNUSED_VARIABLE = YES;
				MACOSX_DEPLOYMENT_TARGET = 13.3;
				MTL_ENABLE_DEBUG_INFO = INCLUDE_SOURCE;
				MTL_FAST_MATH = YES;
				ONLY_ACTIVE_ARCH = YES;
				SDKROOT = macosx;
				SWIFT_ACTIVE_COMPILATION_CONDITIONS = DEBUG;
				SWIFT_OPTIMIZATION_LEVEL = "-Onone";
			};
			name = Debug;
		};
		FFD200A329EEA1A40030A155 /* Release */ = {
			isa = XCBuildConfiguration;
			buildSettings = {
				ALWAYS_SEARCH_USER_PATHS = NO;
				CLANG_ANALYZER_NONNULL = YES;
				CLANG_ANALYZER_NUMBER_OBJECT_CONVERSION = YES_AGGRESSIVE;
				CLANG_CXX_LANGUAGE_STANDARD = "gnu++20";
				CLANG_ENABLE_MODULES = YES;
				CLANG_ENABLE_OBJC_ARC = YES;
				CLANG_ENABLE_OBJC_WEAK = YES;
				CLANG_WARN_BLOCK_CAPTURE_AUTORELEASING = YES;
				CLANG_WARN_BOOL_CONVERSION = YES;
				CLANG_WARN_COMMA = YES;
				CLANG_WARN_CONSTANT_CONVERSION = YES;
				CLANG_WARN_DEPRECATED_OBJC_IMPLEMENTATIONS = YES;
				CLANG_WARN_DIRECT_OBJC_ISA_USAGE = YES_ERROR;
				CLANG_WARN_DOCUMENTATION_COMMENTS = YES;
				CLANG_WARN_EMPTY_BODY = YES;
				CLANG_WARN_ENUM_CONVERSION = YES;
				CLANG_WARN_INFINITE_RECURSION = YES;
				CLANG_WARN_INT_CONVERSION = YES;
				CLANG_WARN_NON_LITERAL_NULL_CONVERSION = YES;
				CLANG_WARN_OBJC_IMPLICIT_RETAIN_SELF = YES;
				CLANG_WARN_OBJC_LITERAL_CONVERSION = YES;
				CLANG_WARN_OBJC_ROOT_CLASS = YES_ERROR;
				CLANG_WARN_QUOTED_INCLUDE_IN_FRAMEWORK_HEADER = YES;
				CLANG_WARN_RANGE_LOOP_ANALYSIS = YES;
				CLANG_WARN_STRICT_PROTOTYPES = YES;
				CLANG_WARN_SUSPICIOUS_MOVE = YES;
				CLANG_WARN_UNGUARDED_AVAILABILITY = YES_AGGRESSIVE;
				CLANG_WARN_UNREACHABLE_CODE = YES;
				CLANG_WARN__DUPLICATE_METHOD_MATCH = YES;
				COPY_PHASE_STRIP = NO;
				DEBUG_INFORMATION_FORMAT = "dwarf-with-dsym";
				ENABLE_NS_ASSERTIONS = NO;
				ENABLE_STRICT_OBJC_MSGSEND = YES;
				GCC_C_LANGUAGE_STANDARD = gnu11;
				GCC_NO_COMMON_BLOCKS = YES;
				GCC_WARN_64_TO_32_BIT_CONVERSION = YES;
				GCC_WARN_ABOUT_RETURN_TYPE = YES_ERROR;
				GCC_WARN_UNDECLARED_SELECTOR = YES;
				GCC_WARN_UNINITIALIZED_AUTOS = YES_AGGRESSIVE;
				GCC_WARN_UNUSED_FUNCTION = YES;
				GCC_WARN_UNUSED_VARIABLE = YES;
				MACOSX_DEPLOYMENT_TARGET = 13.3;
				MTL_ENABLE_DEBUG_INFO = NO;
				MTL_FAST_MATH = YES;
				SDKROOT = macosx;
				SWIFT_COMPILATION_MODE = wholemodule;
				SWIFT_OPTIMIZATION_LEVEL = "-O";
			};
			name = Release;
		};
		FFD200A529EEA1A40030A155 /* Debug */ = {
			isa = XCBuildConfiguration;
			buildSettings = {
				CODE_SIGN_STYLE = Automatic;
				DEVELOPMENT_TEAM = "";
				ENABLE_HARDENED_RUNTIME = YES;
				PRODUCT_NAME = "$(TARGET_NAME)";
				SWIFT_VERSION = 5.0;
			};
			name = Debug;
		};
		FFD200A629EEA1A40030A155 /* Release */ = {
			isa = XCBuildConfiguration;
			buildSettings = {
				CODE_SIGN_STYLE = Automatic;
				DEVELOPMENT_TEAM = "";
				ENABLE_HARDENED_RUNTIME = YES;
				PRODUCT_NAME = "$(TARGET_NAME)";
				SWIFT_VERSION = 5.0;
			};
			name = Release;
		};
/* End XCBuildConfiguration section */

/* Begin XCConfigurationList section */
		4F8C8DCD29EEBE9D002A7ED5 /* Build configuration list for PBXNativeTarget "MyCalenderTest" */ = {
			isa = XCConfigurationList;
			buildConfigurations = (
				4F8C8DCB29EEBE9D002A7ED5 /* Debug */,
				4F8C8DCC29EEBE9D002A7ED5 /* Release */,
			);
			defaultConfigurationIsVisible = 0;
			defaultConfigurationName = Release;
		};
		FFD2009829EEA1A40030A155 /* Build configuration list for PBXProject "MyCalendar" */ = {
			isa = XCConfigurationList;
			buildConfigurations = (
				FFD200A229EEA1A40030A155 /* Debug */,
				FFD200A329EEA1A40030A155 /* Release */,
			);
			defaultConfigurationIsVisible = 0;
			defaultConfigurationName = Release;
		};
		FFD200A429EEA1A40030A155 /* Build configuration list for PBXNativeTarget "MyCalendar" */ = {
			isa = XCConfigurationList;
			buildConfigurations = (
				FFD200A529EEA1A40030A155 /* Debug */,
				FFD200A629EEA1A40030A155 /* Release */,
			);
			defaultConfigurationIsVisible = 0;
			defaultConfigurationName = Release;
		};
/* End XCConfigurationList section */
	};
	rootObject = FFD2009529EEA1A40030A155 /* Project object */;
}
